
Microsoft Visual Studio Solution File, Format Version 12.00
# Visual Studio Version 17
VisualStudioVersion = 17.5.33516.290
MinimumVisualStudioVersion = 10.0.40219.1
Project("{FAE04EC0-301F-11D3-BF4B-00C04F79EFBC}") = "00. Algorithm", "00. Algorithm\00. Algorithm.csproj", "{9516497A-F851-4931-8414-822803771203}"
EndProject
Project("{FAE04EC0-301F-11D3-BF4B-00C04F79EFBC}") = "01. List", "01. List\01. List.csproj", "{5A39B25E-C703-441C-B7A2-41761944EEB4}"
EndProject
Global
	GlobalSection(SolutionConfigurationPlatforms) = preSolution
		Debug|Any CPU = Debug|Any CPU
		Release|Any CPU = Release|Any CPU
	EndGlobalSection
	GlobalSection(ProjectConfigurationPlatforms) = postSolution
		{9516497A-F851-4931-8414-822803771203}.Debug|Any CPU.ActiveCfg = Debug|Any CPU
		{9516497A-F851-4931-8414-822803771203}.Debug|Any CPU.Build.0 = Debug|Any CPU
		{9516497A-F851-4931-8414-822803771203}.Release|Any CPU.ActiveCfg = Release|Any CPU
		{9516497A-F851-4931-8414-822803771203}.Release|Any CPU.Build.0 = Release|Any CPU
		{5A39B25E-C703-441C-B7A2-41761944EEB4}.Debug|Any CPU.ActiveCfg = Debug|Any CPU
		{5A39B25E-C703-441C-B7A2-41761944EEB4}.Debug|Any CPU.Build.0 = Debug|Any CPU
		{5A39B25E-C703-441C-B7A2-41761944EEB4}.Release|Any CPU.ActiveCfg = Release|Any CPU
		{5A39B25E-C703-441C-B7A2-41761944EEB4}.Release|Any CPU.Build.0 = Release|Any CPU
	EndGlobalSection
	GlobalSection(SolutionProperties) = preSolution
		HideSolutionNode = FALSE
	EndGlobalSection
	GlobalSection(ExtensibilityGlobals) = postSolution
		SolutionGuid = {C20AD0BB-5F60-4DF3-98FB-A7886AE0AB5F}
	EndGlobalSection
EndGlobal
